
Microsoft Visual Studio Solution File, Format Version 12.00
# Visual Studio 15
VisualStudioVersion = 15.0.28010.2036
MinimumVisualStudioVersion = 10.0.40219.1
Project("{9A19103F-16F7-4668-BE54-9A1E7A4F7556}") = "LibraryWithEmbeddedProject", "LibraryWithEmbeddedProject\LibraryWithEmbeddedProject.csproj", "{F7F00BF2-89AE-49FB-B31C-F316798EFC7B}"
EndProject
Project("{9A19103F-16F7-4668-BE54-9A1E7A4F7556}") = "EmbeddedNetCoreApp", "EmbeddedNetCoreApp\EmbeddedNetCoreApp.csproj", "{DB865084-F60A-46BA-88C9-FA8C68AC506B}"
EndProject
Project("{FAE04EC0-301F-11D3-BF4B-00C04F79EFBC}") = "ReferenedNetStandardProject", "ReferenedNetStandardProject\ReferenedNetStandardProject.csproj", "{7E7AA3FC-F1E2-4D2B-975D-551196075420}"
EndProject
Project("{FAE04EC0-301F-11D3-BF4B-00C04F79EFBC}") = "ReferencedNetCoreProjectByNetStandardOne", "ReferencedNetCoreProjectByNetStandardOne\ReferencedNetCoreProjectByNetStandardOne.csproj", "{2D50010C-3099-4837-9F1B-747268DBA3BB}"
EndProject
Project("{2150E333-8FDC-42A3-9474-1A3956D46DE8}") = "Solution Items", "Solution Items", "{90A23EB5-C55D-475E-B153-4AAE00C9D85A}"
	ProjectSection(SolutionItems) = preProject
		buildEmbedded.ps1 = buildEmbedded.ps1
	EndProjectSection
EndProject
Project("{2150E333-8FDC-42A3-9474-1A3956D46DE8}") = "Repro", "Repro", "{76DE2786-087F-4975-958E-1BF6741B3AB5}"
EndProject
Project("{FAE04EC0-301F-11D3-BF4B-00C04F79EFBC}") = "NetFwProjReferencingPackageWithEmbeddedDotnetCoreCode", "NetFwProjReferencingPackageWithEmbeddedDotnetCoreCode\NetFwProjReferencingPackageWithEmbeddedDotnetCoreCode.csproj", "{1BDD6B94-5B84-408E-9AD8-3E8563B4C3F4}"
EndProject
Global
	GlobalSection(SolutionConfigurationPlatforms) = preSolution
		Debug|Any CPU = Debug|Any CPU
		Release|Any CPU = Release|Any CPU
	EndGlobalSection
	GlobalSection(ProjectConfigurationPlatforms) = postSolution
		{F7F00BF2-89AE-49FB-B31C-F316798EFC7B}.Debug|Any CPU.ActiveCfg = Debug|Any CPU
		{F7F00BF2-89AE-49FB-B31C-F316798EFC7B}.Debug|Any CPU.Build.0 = Debug|Any CPU
		{F7F00BF2-89AE-49FB-B31C-F316798EFC7B}.Release|Any CPU.ActiveCfg = Release|Any CPU
		{F7F00BF2-89AE-49FB-B31C-F316798EFC7B}.Release|Any CPU.Build.0 = Release|Any CPU
		{DB865084-F60A-46BA-88C9-FA8C68AC506B}.Debug|Any CPU.ActiveCfg = Debug|Any CPU
		{DB865084-F60A-46BA-88C9-FA8C68AC506B}.Debug|Any CPU.Build.0 = Debug|Any CPU
		{DB865084-F60A-46BA-88C9-FA8C68AC506B}.Release|Any CPU.ActiveCfg = Release|Any CPU
		{DB865084-F60A-46BA-88C9-FA8C68AC506B}.Release|Any CPU.Build.0 = Release|Any CPU
		{7E7AA3FC-F1E2-4D2B-975D-551196075420}.Debug|Any CPU.ActiveCfg = Debug|Any CPU
		{7E7AA3FC-F1E2-4D2B-975D-551196075420}.Debug|Any CPU.Build.0 = Debug|Any CPU
		{7E7AA3FC-F1E2-4D2B-975D-551196075420}.Release|Any CPU.ActiveCfg = Release|Any CPU
		{7E7AA3FC-F1E2-4D2B-975D-551196075420}.Release|Any CPU.Build.0 = Release|Any CPU
		{2D50010C-3099-4837-9F1B-747268DBA3BB}.Debug|Any CPU.ActiveCfg = Debug|Any CPU
		{2D50010C-3099-4837-9F1B-747268DBA3BB}.Debug|Any CPU.Build.0 = Debug|Any CPU
		{2D50010C-3099-4837-9F1B-747268DBA3BB}.Release|Any CPU.ActiveCfg = Release|Any CPU
		{2D50010C-3099-4837-9F1B-747268DBA3BB}.Release|Any CPU.Build.0 = Release|Any CPU
		{1BDD6B94-5B84-408E-9AD8-3E8563B4C3F4}.Debug|Any CPU.ActiveCfg = Debug|Any CPU
		{1BDD6B94-5B84-408E-9AD8-3E8563B4C3F4}.Debug|Any CPU.Build.0 = Debug|Any CPU
		{1BDD6B94-5B84-408E-9AD8-3E8563B4C3F4}.Release|Any CPU.ActiveCfg = Release|Any CPU
		{1BDD6B94-5B84-408E-9AD8-3E8563B4C3F4}.Release|Any CPU.Build.0 = Release|Any CPU
	EndGlobalSection
	GlobalSection(SolutionProperties) = preSolution
		HideSolutionNode = FALSE
	EndGlobalSection
	GlobalSection(NestedProjects) = preSolution
		{1BDD6B94-5B84-408E-9AD8-3E8563B4C3F4} = {76DE2786-087F-4975-958E-1BF6741B3AB5}
	EndGlobalSection
	GlobalSection(ExtensibilityGlobals) = postSolution
		SolutionGuid = {EF7FA597-EB8C-4149-8F2F-C8BFA3470E3B}
	EndGlobalSection
EndGlobal
